
Microsoft Visual Studio Solution File, Format Version 12.00
# Visual Studio Version 16
VisualStudioVersion = 16.0.30002.166
MinimumVisualStudioVersion = 10.0.40219.1
Project("{FAE04EC0-301F-11D3-BF4B-00C04F79EFBC}") = "StudentList", "StudentList\StudentList.csproj", "{A2969E1C-71D2-41E0-979B-7484926E3C67}"
EndProject
Global
	GlobalSection(SolutionConfigurationPlatforms) = preSolution
		Debug|Any CPU = Debug|Any CPU
		Release|Any CPU = Release|Any CPU
	EndGlobalSection
	GlobalSection(ProjectConfigurationPlatforms) = postSolution
		{A2969E1C-71D2-41E0-979B-7484926E3C67}.Debug|Any CPU.ActiveCfg = Debug|Any CPU
		{A2969E1C-71D2-41E0-979B-7484926E3C67}.Debug|Any CPU.Build.0 = Debug|Any CPU
		{A2969E1C-71D2-41E0-979B-7484926E3C67}.Release|Any CPU.ActiveCfg = Release|Any CPU
		{A2969E1C-71D2-41E0-979B-7484926E3C67}.Release|Any CPU.Build.0 = Release|Any CPU
	EndGlobalSection
	GlobalSection(SolutionProperties) = preSolution
		HideSolutionNode = FALSE
	EndGlobalSection
	GlobalSection(ExtensibilityGlobals) = postSolution
		SolutionGuid = {424A6D71-21B1-4C96-9C5F-38D727E01991}
	EndGlobalSection
EndGlobal
